{
  "name": "threeTotu",
  "lockfileVersion": 2,
  "requires": true,
  "packages": {
    "": {
      "dependencies": {
        "three-pointerlock": "^0.0.2"
      }
    },
    "node_modules/three-pointerlock": {
      "version": "0.0.2",
      "resolved": "https://registry.npmjs.org/three-pointerlock/-/three-pointerlock-0.0.2.tgz",
      "integrity": "sha1-4HrgYwgRAsYTWhmNYccHiv5vTzc="
    }
  },
  "dependencies": {
    "three-pointerlock": {
      "version": "0.0.2",
      "resolved": "https://registry.npmjs.org/three-pointerlock/-/three-pointerlock-0.0.2.tgz",
      "integrity": "sha1-4HrgYwgRAsYTWhmNYccHiv5vTzc="
    }
  }
}
